
Microsoft Visual Studio Solution File, Format Version 12.00
# Visual Studio 15
VisualStudioVersion = 15.0.28307.136
MinimumVisualStudioVersion = 10.0.40219.1
Project("{9A19103F-16F7-4668-BE54-9A1E7A4F7556}") = "Sobreposicao", "POO\Sobreposicao.csproj", "{563A5C2B-4A90-42F1-857E-4440244B2A37}"
EndProject
Project("{FAE04EC0-301F-11D3-BF4B-00C04F79EFBC}") = "SelandoMetodos", "SelandoMetodos\SelandoMetodos.csproj", "{34CA0179-5735-44F0-BA11-0D47B3BACB5E}"
EndProject
Global
	GlobalSection(SolutionConfigurationPlatforms) = preSolution
		Debug|Any CPU = Debug|Any CPU
		Release|Any CPU = Release|Any CPU
	EndGlobalSection
	GlobalSection(ProjectConfigurationPlatforms) = postSolution
		{563A5C2B-4A90-42F1-857E-4440244B2A37}.Debug|Any CPU.ActiveCfg = Debug|Any CPU
		{563A5C2B-4A90-42F1-857E-4440244B2A37}.Debug|Any CPU.Build.0 = Debug|Any CPU
		{563A5C2B-4A90-42F1-857E-4440244B2A37}.Release|Any CPU.ActiveCfg = Release|Any CPU
		{563A5C2B-4A90-42F1-857E-4440244B2A37}.Release|Any CPU.Build.0 = Release|Any CPU
		{34CA0179-5735-44F0-BA11-0D47B3BACB5E}.Debug|Any CPU.ActiveCfg = Debug|Any CPU
		{34CA0179-5735-44F0-BA11-0D47B3BACB5E}.Debug|Any CPU.Build.0 = Debug|Any CPU
		{34CA0179-5735-44F0-BA11-0D47B3BACB5E}.Release|Any CPU.ActiveCfg = Release|Any CPU
		{34CA0179-5735-44F0-BA11-0D47B3BACB5E}.Release|Any CPU.Build.0 = Release|Any CPU
	EndGlobalSection
	GlobalSection(SolutionProperties) = preSolution
		HideSolutionNode = FALSE
	EndGlobalSection
	GlobalSection(ExtensibilityGlobals) = postSolution
		SolutionGuid = {40DB683E-1836-41E4-B34E-BC5C04AEC374}
	EndGlobalSection
EndGlobal
